
Microsoft Visual Studio Solution File, Format Version 12.00
# Visual Studio Version 17
VisualStudioVersion = 17.11.35303.130
MinimumVisualStudioVersion = 10.0.40219.1
Project("{FAE04EC0-301F-11D3-BF4B-00C04F79EFBC}") = "WaterLogger.cacheMe512", "WaterLogger.cacheMe512\WaterLogger.cacheMe512.csproj", "{3E3E7764-D97D-4C98-BFA8-AC9288336249}"
EndProject
Global
	GlobalSection(SolutionConfigurationPlatforms) = preSolution
		Debug|Any CPU = Debug|Any CPU
		Release|Any CPU = Release|Any CPU
	EndGlobalSection
	GlobalSection(ProjectConfigurationPlatforms) = postSolution
		{3E3E7764-D97D-4C98-BFA8-AC9288336249}.Debug|Any CPU.ActiveCfg = Debug|Any CPU
		{3E3E7764-D97D-4C98-BFA8-AC9288336249}.Debug|Any CPU.Build.0 = Debug|Any CPU
		{3E3E7764-D97D-4C98-BFA8-AC9288336249}.Release|Any CPU.ActiveCfg = Release|Any CPU
		{3E3E7764-D97D-4C98-BFA8-AC9288336249}.Release|Any CPU.Build.0 = Release|Any CPU
	EndGlobalSection
	GlobalSection(SolutionProperties) = preSolution
		HideSolutionNode = FALSE
	EndGlobalSection
	GlobalSection(ExtensibilityGlobals) = postSolution
		SolutionGuid = {5F802518-8C6C-46EE-9BE1-BBF75DBDE96B}
	EndGlobalSection
EndGlobal
